
Microsoft Visual Studio Solution File, Format Version 12.00
# Visual Studio Version 16
VisualStudioVersion = 16.0.29613.14
MinimumVisualStudioVersion = 10.0.40219.1
Project("{FAE04EC0-301F-11D3-BF4B-00C04F79EFBC}") = "DatabaseConsoleApp", "DatabaseConsoleApp\DatabaseConsoleApp.csproj", "{3741FB9A-747D-4C1C-9FBB-3055B043B35A}"
EndProject
Global
	GlobalSection(SolutionConfigurationPlatforms) = preSolution
		Debug|Any CPU = Debug|Any CPU
		Release|Any CPU = Release|Any CPU
	EndGlobalSection
	GlobalSection(ProjectConfigurationPlatforms) = postSolution
		{3741FB9A-747D-4C1C-9FBB-3055B043B35A}.Debug|Any CPU.ActiveCfg = Debug|Any CPU
		{3741FB9A-747D-4C1C-9FBB-3055B043B35A}.Debug|Any CPU.Build.0 = Debug|Any CPU
		{3741FB9A-747D-4C1C-9FBB-3055B043B35A}.Release|Any CPU.ActiveCfg = Release|Any CPU
		{3741FB9A-747D-4C1C-9FBB-3055B043B35A}.Release|Any CPU.Build.0 = Release|Any CPU
	EndGlobalSection
	GlobalSection(SolutionProperties) = preSolution
		HideSolutionNode = FALSE
	EndGlobalSection
	GlobalSection(ExtensibilityGlobals) = postSolution
		SolutionGuid = {3A1D16F7-0DDD-4B7C-84A9-1FEA67C23D45}
	EndGlobalSection
EndGlobal
